
Microsoft Visual Studio Solution File, Format Version 12.00
# Visual Studio Version 17
VisualStudioVersion = 17.7.34031.279
MinimumVisualStudioVersion = 10.0.40219.1
Project("{FAE04EC0-301F-11D3-BF4B-00C04F79EFBC}") = "ParImpar", "ParImpar.csproj", "{F4AD2D55-4FB2-498D-B478-846232251ED6}"
EndProject
Global
	GlobalSection(SolutionConfigurationPlatforms) = preSolution
		Debug|Any CPU = Debug|Any CPU
		Release|Any CPU = Release|Any CPU
	EndGlobalSection
	GlobalSection(ProjectConfigurationPlatforms) = postSolution
		{F4AD2D55-4FB2-498D-B478-846232251ED6}.Debug|Any CPU.ActiveCfg = Debug|Any CPU
		{F4AD2D55-4FB2-498D-B478-846232251ED6}.Debug|Any CPU.Build.0 = Debug|Any CPU
		{F4AD2D55-4FB2-498D-B478-846232251ED6}.Release|Any CPU.ActiveCfg = Release|Any CPU
		{F4AD2D55-4FB2-498D-B478-846232251ED6}.Release|Any CPU.Build.0 = Release|Any CPU
	EndGlobalSection
	GlobalSection(SolutionProperties) = preSolution
		HideSolutionNode = FALSE
	EndGlobalSection
	GlobalSection(ExtensibilityGlobals) = postSolution
		SolutionGuid = {5D24AD59-613C-4C37-846A-0284F4A75E4F}
	EndGlobalSection
EndGlobal
